
Microsoft Visual Studio Solution File, Format Version 11.00
# Visual Studio 2010
Project("{FAE04EC0-301F-11D3-BF4B-00C04F79EFBC}") = "SZP.Core", "SZP.DAL\SZP.Core.csproj", "{BA094589-EE01-4400-AA48-4615FC23CFA5}"
EndProject
Project("{FAE04EC0-301F-11D3-BF4B-00C04F79EFBC}") = "SZP.Data", "SZP.Data\SZP.Data.csproj", "{6C982902-B92D-4673-B63F-F6C1750A0C52}"
EndProject
Project("{FAE04EC0-301F-11D3-BF4B-00C04F79EFBC}") = "SZP.Common", "SZP.Common\SZP.Common.csproj", "{FE9FCA60-723C-4431-A25C-0DC3BD697355}"
EndProject
Project("{FAE04EC0-301F-11D3-BF4B-00C04F79EFBC}") = "SZP.Web", "SZP.Web\SZP.Web.csproj", "{D06E24E2-E47F-4AB9-AB9A-76D29AB34EA2}"
EndProject
Project("{FAE04EC0-301F-11D3-BF4B-00C04F79EFBC}") = "SZP.Entity", "SZP.Entity\SZP.Entity.csproj", "{B32C09DA-32A5-44D6-AFAC-2FF4C6F649D9}"
EndProject
Project("{FAE04EC0-301F-11D3-BF4B-00C04F79EFBC}") = "SZP.Dao", "SZP.Dao\SZP.Dao.csproj", "{91906783-9926-4703-9112-BB33BAC4BFB4}"
EndProject
Project("{FAE04EC0-301F-11D3-BF4B-00C04F79EFBC}") = "SZP.Service", "SZP.Service\SZP.Service.csproj", "{455EFED4-4D37-473A-9BC9-F1624D31734B}"
EndProject
Project("{FAE04EC0-301F-11D3-BF4B-00C04F79EFBC}") = "SZP.Web.UI", "SZP.Web.UI\SZP.Web.UI.csproj", "{F12E1DAC-44E2-4B02-A798-4615CF0CD0A1}"
EndProject
Project("{FAE04EC0-301F-11D3-BF4B-00C04F79EFBC}") = "SZP.Config", "SZP.Config\SZP.Config.csproj", "{A070E8CD-9406-4699-B574-11A26F07702E}"
EndProject
Project("{FAE04EC0-301F-11D3-BF4B-00C04F79EFBC}") = "SZP.Controls", "SZP.Controls\SZP.Controls.csproj", "{8562C464-FBB1-434A-8D91-EB93182B670B}"
EndProject
Global
	GlobalSection(SolutionConfigurationPlatforms) = preSolution
		Debug|Any CPU = Debug|Any CPU
		Release|Any CPU = Release|Any CPU
	EndGlobalSection
	GlobalSection(ProjectConfigurationPlatforms) = postSolution
		{BA094589-EE01-4400-AA48-4615FC23CFA5}.Debug|Any CPU.ActiveCfg = Debug|Any CPU
		{BA094589-EE01-4400-AA48-4615FC23CFA5}.Debug|Any CPU.Build.0 = Debug|Any CPU
		{BA094589-EE01-4400-AA48-4615FC23CFA5}.Release|Any CPU.ActiveCfg = Release|Any CPU
		{BA094589-EE01-4400-AA48-4615FC23CFA5}.Release|Any CPU.Build.0 = Release|Any CPU
		{6C982902-B92D-4673-B63F-F6C1750A0C52}.Debug|Any CPU.ActiveCfg = Debug|Any CPU
		{6C982902-B92D-4673-B63F-F6C1750A0C52}.Debug|Any CPU.Build.0 = Debug|Any CPU
		{6C982902-B92D-4673-B63F-F6C1750A0C52}.Release|Any CPU.ActiveCfg = Release|Any CPU
		{6C982902-B92D-4673-B63F-F6C1750A0C52}.Release|Any CPU.Build.0 = Release|Any CPU
		{FE9FCA60-723C-4431-A25C-0DC3BD697355}.Debug|Any CPU.ActiveCfg = Debug|Any CPU
		{FE9FCA60-723C-4431-A25C-0DC3BD697355}.Debug|Any CPU.Build.0 = Debug|Any CPU
		{FE9FCA60-723C-4431-A25C-0DC3BD697355}.Release|Any CPU.ActiveCfg = Release|Any CPU
		{FE9FCA60-723C-4431-A25C-0DC3BD697355}.Release|Any CPU.Build.0 = Release|Any CPU
		{D06E24E2-E47F-4AB9-AB9A-76D29AB34EA2}.Debug|Any CPU.ActiveCfg = Debug|Any CPU
		{D06E24E2-E47F-4AB9-AB9A-76D29AB34EA2}.Debug|Any CPU.Build.0 = Debug|Any CPU
		{D06E24E2-E47F-4AB9-AB9A-76D29AB34EA2}.Release|Any CPU.ActiveCfg = Release|Any CPU
		{D06E24E2-E47F-4AB9-AB9A-76D29AB34EA2}.Release|Any CPU.Build.0 = Release|Any CPU
		{B32C09DA-32A5-44D6-AFAC-2FF4C6F649D9}.Debug|Any CPU.ActiveCfg = Debug|Any CPU
		{B32C09DA-32A5-44D6-AFAC-2FF4C6F649D9}.Debug|Any CPU.Build.0 = Debug|Any CPU
		{B32C09DA-32A5-44D6-AFAC-2FF4C6F649D9}.Release|Any CPU.ActiveCfg = Release|Any CPU
		{B32C09DA-32A5-44D6-AFAC-2FF4C6F649D9}.Release|Any CPU.Build.0 = Release|Any CPU
		{91906783-9926-4703-9112-BB33BAC4BFB4}.Debug|Any CPU.ActiveCfg = Debug|Any CPU
		{91906783-9926-4703-9112-BB33BAC4BFB4}.Debug|Any CPU.Build.0 = Debug|Any CPU
		{91906783-9926-4703-9112-BB33BAC4BFB4}.Release|Any CPU.ActiveCfg = Release|Any CPU
		{91906783-9926-4703-9112-BB33BAC4BFB4}.Release|Any CPU.Build.0 = Release|Any CPU
		{455EFED4-4D37-473A-9BC9-F1624D31734B}.Debug|Any CPU.ActiveCfg = Debug|Any CPU
		{455EFED4-4D37-473A-9BC9-F1624D31734B}.Debug|Any CPU.Build.0 = Debug|Any CPU
		{455EFED4-4D37-473A-9BC9-F1624D31734B}.Release|Any CPU.ActiveCfg = Release|Any CPU
		{455EFED4-4D37-473A-9BC9-F1624D31734B}.Release|Any CPU.Build.0 = Release|Any CPU
		{F12E1DAC-44E2-4B02-A798-4615CF0CD0A1}.Debug|Any CPU.ActiveCfg = Debug|Any CPU
		{F12E1DAC-44E2-4B02-A798-4615CF0CD0A1}.Debug|Any CPU.Build.0 = Debug|Any CPU
		{F12E1DAC-44E2-4B02-A798-4615CF0CD0A1}.Release|Any CPU.ActiveCfg = Release|Any CPU
		{F12E1DAC-44E2-4B02-A798-4615CF0CD0A1}.Release|Any CPU.Build.0 = Release|Any CPU
		{A070E8CD-9406-4699-B574-11A26F07702E}.Debug|Any CPU.ActiveCfg = Debug|Any CPU
		{A070E8CD-9406-4699-B574-11A26F07702E}.Debug|Any CPU.Build.0 = Debug|Any CPU
		{A070E8CD-9406-4699-B574-11A26F07702E}.Release|Any CPU.ActiveCfg = Release|Any CPU
		{A070E8CD-9406-4699-B574-11A26F07702E}.Release|Any CPU.Build.0 = Release|Any CPU
		{8562C464-FBB1-434A-8D91-EB93182B670B}.Debug|Any CPU.ActiveCfg = Debug|Any CPU
		{8562C464-FBB1-434A-8D91-EB93182B670B}.Debug|Any CPU.Build.0 = Debug|Any CPU
		{8562C464-FBB1-434A-8D91-EB93182B670B}.Release|Any CPU.ActiveCfg = Release|Any CPU
		{8562C464-FBB1-434A-8D91-EB93182B670B}.Release|Any CPU.Build.0 = Release|Any CPU
	EndGlobalSection
	GlobalSection(SolutionProperties) = preSolution
		HideSolutionNode = FALSE
	EndGlobalSection
EndGlobal
